// !$*UTF8*$!
{
	archiveVersion = 1;
	classes = {
	};
	objectVersion = 56;
	objects = {

/* Begin PBXBuildFile section */
		BF53A9462905204C003BAF27 /* globals.m in Sources */ = {isa = PBXBuildFile; fileRef = BF53A9452905204C003BAF27 /* globals.m */; };
		BFB2A4C828FBA33B008170CC /* AppDelegate.m in Sources */ = {isa = PBXBuildFile; fileRef = BFB2A4C728FBA33B008170CC /* AppDelegate.m */; };
		BFB2A4CD28FBA33C008170CC /* MainMenu.xib in Resources */ = {isa = PBXBuildFile; fileRef = BFB2A4CB28FBA33C008170CC /* MainMenu.xib */; };
		BFB2A4CF28FBA33C008170CC /* main.m in Sources */ = {isa = PBXBuildFile; fileRef = BFB2A4CE28FBA33C008170CC /* main.m */; };
		BFB2A4DA28FCE894008170CC /* Assets.xcassets in Resources */ = {isa = PBXBuildFile; fileRef = BFB2A4D928FCE894008170CC /* Assets.xcassets */; };
		BFB2A4E728FF9038008170CC /* helper-lib.m in Sources */ = {isa = PBXBuildFile; fileRef = BFB2A4E628FF9038008170CC /* helper-lib.m */; };
		BFB2A4EB28FF9058008170CC /* app.m in Sources */ = {isa = PBXBuildFile; fileRef = BFB2A4EA28FF9058008170CC /* app.m */; };
		BFD910942905788C00A7AD7A /* Apps.m in Sources */ = {isa = PBXBuildFile; fileRef = BFD910932905788C00A7AD7A /* Apps.m */; };
/* End PBXBuildFile section */

/* Begin PBXFileReference section */
		BF53A9442905204C003BAF27 /* globals.h */ = {isa = PBXFileReference; fileEncoding = 4; lastKnownFileType = sourcecode.c.h; path = globals.h; sourceTree = "<group>"; };
		BF53A9452905204C003BAF27 /* globals.m */ = {isa = PBXFileReference; fileEncoding = 4; lastKnownFileType = sourcecode.c.objc; path = globals.m; sourceTree = "<group>"; };
		BFB2A4C328FBA33B008170CC /* Dock Profiles.app */ = {isa = PBXFileReference; explicitFileType = wrapper.application; includeInIndex = 0; path = "Dock Profiles.app"; sourceTree = BUILT_PRODUCTS_DIR; };
		BFB2A4C628FBA33B008170CC /* AppDelegate.h */ = {isa = PBXFileReference; lastKnownFileType = sourcecode.c.h; path = AppDelegate.h; sourceTree = "<group>"; };
		BFB2A4C728FBA33B008170CC /* AppDelegate.m */ = {isa = PBXFileReference; lastKnownFileType = sourcecode.c.objc; path = AppDelegate.m; sourceTree = "<group>"; };
		BFB2A4CC28FBA33C008170CC /* Base */ = {isa = PBXFileReference; lastKnownFileType = file.xib; name = Base; path = Base.lproj/MainMenu.xib; sourceTree = "<group>"; };
		BFB2A4CE28FBA33C008170CC /* main.m */ = {isa = PBXFileReference; lastKnownFileType = sourcecode.c.objc; path = main.m; sourceTree = "<group>"; };
		BFB2A4D028FBA33C008170CC /* Dock_Profiles.entitlements */ = {isa = PBXFileReference; lastKnownFileType = text.plist.entitlements; path = Dock_Profiles.entitlements; sourceTree = "<group>"; };
		BFB2A4D928FCE894008170CC /* Assets.xcassets */ = {isa = PBXFileReference; lastKnownFileType = folder.assetcatalog; path = Assets.xcassets; sourceTree = "<group>"; };
		BFB2A4E528FF9038008170CC /* helper-lib.h */ = {isa = PBXFileReference; lastKnownFileType = sourcecode.c.h; path = "helper-lib.h"; sourceTree = "<group>"; };
		BFB2A4E628FF9038008170CC /* helper-lib.m */ = {isa = PBXFileReference; lastKnownFileType = sourcecode.c.objc; path = "helper-lib.m"; sourceTree = "<group>"; };
		BFB2A4E928FF9058008170CC /* app.h */ = {isa = PBXFileReference; lastKnownFileType = sourcecode.c.h; path = app.h; sourceTree = "<group>"; };
		BFB2A4EA28FF9058008170CC /* app.m */ = {isa = PBXFileReference; lastKnownFileType = sourcecode.c.objc; path = app.m; sourceTree = "<group>"; };
		BFD910922905788C00A7AD7A /* Apps.h */ = {isa = PBXFileReference; lastKnownFileType = sourcecode.c.h; path = Apps.h; sourceTree = "<group>"; };
		BFD910932905788C00A7AD7A /* Apps.m */ = {isa = PBXFileReference; lastKnownFileType = sourcecode.c.objc; path = Apps.m; sourceTree = "<group>"; };
/* End PBXFileReference section */

/* Begin PBXFrameworksBuildPhase section */
		BFB2A4C028FBA33B008170CC /* Frameworks */ = {
			isa = PBXFrameworksBuildPhase;
			buildActionMask = 2147483647;
			files = (
			);
			runOnlyForDeploymentPostprocessing = 0;
		};
/* End PBXFrameworksBuildPhase section */

/* Begin PBXGroup section */
		BFB2A4BA28FBA33B008170CC = {
			isa = PBXGroup;
			children = (
				BFB2A4C528FBA33B008170CC /* Dock Profiles */,
				BFB2A4C428FBA33B008170CC /* Products */,
			);
			sourceTree = "<group>";
		};
		BFB2A4C428FBA33B008170CC /* Products */ = {
			isa = PBXGroup;
			children = (
				BFB2A4C328FBA33B008170CC /* Dock Profiles.app */,
			);
			name = Products;
			sourceTree = "<group>";
		};
		BFB2A4C528FBA33B008170CC /* Dock Profiles */ = {
			isa = PBXGroup;
			children = (
				BFB2A4E428FF901A008170CC /* src */,
				BFB2A4C628FBA33B008170CC /* AppDelegate.h */,
				BFB2A4C728FBA33B008170CC /* AppDelegate.m */,
				BFB2A4D928FCE894008170CC /* Assets.xcassets */,
				BFB2A4CB28FBA33C008170CC /* MainMenu.xib */,
				BFB2A4CE28FBA33C008170CC /* main.m */,
				BFB2A4D028FBA33C008170CC /* Dock_Profiles.entitlements */,
			);
			path = "Dock Profiles";
			sourceTree = "<group>";
		};
		BFB2A4E428FF901A008170CC /* src */ = {
			isa = PBXGroup;
			children = (
				BF53A9442905204C003BAF27 /* globals.h */,
				BF53A9452905204C003BAF27 /* globals.m */,
				BFB2A4E528FF9038008170CC /* helper-lib.h */,
				BFB2A4E628FF9038008170CC /* helper-lib.m */,
				BFB2A4E928FF9058008170CC /* app.h */,
				BFB2A4EA28FF9058008170CC /* app.m */,
				BFD910922905788C00A7AD7A /* Apps.h */,
				BFD910932905788C00A7AD7A /* Apps.m */,
			);
			path = src;
			sourceTree = "<group>";
		};
/* End PBXGroup section */

/* Begin PBXNativeTarget section */
		BFB2A4C228FBA33B008170CC /* Dock Profiles */ = {
			isa = PBXNativeTarget;
			buildConfigurationList = BFB2A4D328FBA33C008170CC /* Build configuration list for PBXNativeTarget "Dock Profiles" */;
			buildPhases = (
				BFB2A4BF28FBA33B008170CC /* Sources */,
				BFB2A4C028FBA33B008170CC /* Frameworks */,
				BFB2A4C128FBA33B008170CC /* Resources */,
			);
			buildRules = (
			);
			dependencies = (
			);
			name = "Dock Profiles";
			productName = "Dock Profiles";
			productReference = BFB2A4C328FBA33B008170CC /* Dock Profiles.app */;
			productType = "com.apple.product-type.application";
		};
/* End PBXNativeTarget section */

/* Begin PBXProject section */
		BFB2A4BB28FBA33B008170CC /* Project object */ = {
			isa = PBXProject;
			attributes = {
				BuildIndependentTargetsInParallel = 1;
				LastUpgradeCheck = 1400;
				TargetAttributes = {
					BFB2A4C228FBA33B008170CC = {
						CreatedOnToolsVersion = 14.0.1;
					};
				};
			};
			buildConfigurationList = BFB2A4BE28FBA33B008170CC /* Build configuration list for PBXProject "Dock Profiles" */;
			compatibilityVersion = "Xcode 14.0";
			developmentRegion = en;
			hasScannedForEncodings = 0;
			knownRegions = (
				en,
				Base,
			);
			mainGroup = BFB2A4BA28FBA33B008170CC;
			productRefGroup = BFB2A4C428FBA33B008170CC /* Products */;
			projectDirPath = "";
			projectRoot = "";
			targets = (
				BFB2A4C228FBA33B008170CC /* Dock Profiles */,
			);
		};
/* End PBXProject section */

/* Begin PBXResourcesBuildPhase section */
		BFB2A4C128FBA33B008170CC /* Resources */ = {
			isa = PBXResourcesBuildPhase;
			buildActionMask = 2147483647;
			files = (
				BFB2A4DA28FCE894008170CC /* Assets.xcassets in Resources */,
				BFB2A4CD28FBA33C008170CC /* MainMenu.xib in Resources */,
			);
			runOnlyForDeploymentPostprocessing = 0;
		};
/* End PBXResourcesBuildPhase section */

/* Begin PBXSourcesBuildPhase section */
		BFB2A4BF28FBA33B008170CC /* Sources */ = {
			isa = PBXSourcesBuildPhase;
			buildActionMask = 2147483647;
			files = (
				BFB2A4CF28FBA33C008170CC /* main.m in Sources */,
				BFD910942905788C00A7AD7A /* Apps.m in Sources */,
				BF53A9462905204C003BAF27 /* globals.m in Sources */,
				BFB2A4EB28FF9058008170CC /* app.m in Sources */,
				BFB2A4E728FF9038008170CC /* helper-lib.m in Sources */,
				BFB2A4C828FBA33B008170CC /* AppDelegate.m in Sources */,
			);
			runOnlyForDeploymentPostprocessing = 0;
		};
/* End PBXSourcesBuildPhase section */

/* Begin PBXVariantGroup section */
		BFB2A4CB28FBA33C008170CC /* MainMenu.xib */ = {
			isa = PBXVariantGroup;
			children = (
				BFB2A4CC28FBA33C008170CC /* Base */,
			);
			name = MainMenu.xib;
			sourceTree = "<group>";
		};
/* End PBXVariantGroup section */

/* Begin XCBuildConfiguration section */
		BFB2A4D128FBA33C008170CC /* Debug */ = {
			isa = XCBuildConfiguration;
			buildSettings = {
				ALWAYS_SEARCH_USER_PATHS = NO;
				CLANG_ANALYZER_NONNULL = YES;
				CLANG_ANALYZER_NUMBER_OBJECT_CONVERSION = YES_AGGRESSIVE;
				CLANG_CXX_LANGUAGE_STANDARD = "gnu++20";
				CLANG_ENABLE_MODULES = YES;
				CLANG_ENABLE_OBJC_ARC = YES;
				CLANG_ENABLE_OBJC_WEAK = YES;
				CLANG_WARN_BLOCK_CAPTURE_AUTORELEASING = YES;
				CLANG_WARN_BOOL_CONVERSION = YES;
				CLANG_WARN_COMMA = YES;
				CLANG_WARN_CONSTANT_CONVERSION = YES;
				CLANG_WARN_DEPRECATED_OBJC_IMPLEMENTATIONS = YES;
				CLANG_WARN_DIRECT_OBJC_ISA_USAGE = YES_ERROR;
				CLANG_WARN_DOCUMENTATION_COMMENTS = YES;
				CLANG_WARN_EMPTY_BODY = YES;
				CLANG_WARN_ENUM_CONVERSION = YES;
				CLANG_WARN_INFINITE_RECURSION = YES;
				CLANG_WARN_INT_CONVERSION = YES;
				CLANG_WARN_NON_LITERAL_NULL_CONVERSION = YES;
				CLANG_WARN_OBJC_IMPLICIT_RETAIN_SELF = YES;
				CLANG_WARN_OBJC_LITERAL_CONVERSION = YES;
				CLANG_WARN_OBJC_ROOT_CLASS = YES_ERROR;
				CLANG_WARN_QUOTED_INCLUDE_IN_FRAMEWORK_HEADER = YES;
				CLANG_WARN_RANGE_LOOP_ANALYSIS = YES;
				CLANG_WARN_STRICT_PROTOTYPES = YES;
				CLANG_WARN_SUSPICIOUS_MOVE = YES;
				CLANG_WARN_UNGUARDED_AVAILABILITY = YES_AGGRESSIVE;
				CLANG_WARN_UNREACHABLE_CODE = YES;
				CLANG_WARN__DUPLICATE_METHOD_MATCH = YES;
				COPY_PHASE_STRIP = NO;
				DEBUG_INFORMATION_FORMAT = dwarf;
				ENABLE_STRICT_OBJC_MSGSEND = YES;
				ENABLE_TESTABILITY = YES;
				GCC_C_LANGUAGE_STANDARD = gnu11;
				GCC_DYNAMIC_NO_PIC = NO;
				GCC_NO_COMMON_BLOCKS = YES;
				GCC_OPTIMIZATION_LEVEL = 0;
				GCC_PREPROCESSOR_DEFINITIONS = (
					"DEBUG=1",
					"$(inherited)",
				);
				GCC_WARN_64_TO_32_BIT_CONVERSION = YES;
				GCC_WARN_ABOUT_RETURN_TYPE = YES_ERROR;
				GCC_WARN_UNDECLARED_SELECTOR = YES;
				GCC_WARN_UNINITIALIZED_AUTOS = YES_AGGRESSIVE;
				GCC_WARN_UNUSED_FUNCTION = YES;
				GCC_WARN_UNUSED_VARIABLE = YES;
				MACOSX_DEPLOYMENT_TARGET = 12.3;
				MTL_ENABLE_DEBUG_INFO = INCLUDE_SOURCE;
				MTL_FAST_MATH = YES;
				ONLY_ACTIVE_ARCH = YES;
				SDKROOT = macosx;
			};
			name = Debug;
		};
		BFB2A4D228FBA33C008170CC /* Release */ = {
			isa = XCBuildConfiguration;
			buildSettings = {
				ALWAYS_SEARCH_USER_PATHS = NO;
				CLANG_ANALYZER_NONNULL = YES;
				CLANG_ANALYZER_NUMBER_OBJECT_CONVERSION = YES_AGGRESSIVE;
				CLANG_CXX_LANGUAGE_STANDARD = "gnu++20";
				CLANG_ENABLE_MODULES = YES;
				CLANG_ENABLE_OBJC_ARC = YES;
				CLANG_ENABLE_OBJC_WEAK = YES;
				CLANG_WARN_BLOCK_CAPTURE_AUTORELEASING = YES;
				CLANG_WARN_BOOL_CONVERSION = YES;
				CLANG_WARN_COMMA = YES;
				CLANG_WARN_CONSTANT_CONVERSION = YES;
				CLANG_WARN_DEPRECATED_OBJC_IMPLEMENTATIONS = YES;
				CLANG_WARN_DIRECT_OBJC_ISA_USAGE = YES_ERROR;
				CLANG_WARN_DOCUMENTATION_COMMENTS = YES;
				CLANG_WARN_EMPTY_BODY = YES;
				CLANG_WARN_ENUM_CONVERSION = YES;
				CLANG_WARN_INFINITE_RECURSION = YES;
				CLANG_WARN_INT_CONVERSION = YES;
				CLANG_WARN_NON_LITERAL_NULL_CONVERSION = YES;
				CLANG_WARN_OBJC_IMPLICIT_RETAIN_SELF = YES;
				CLANG_WARN_OBJC_LITERAL_CONVERSION = YES;
				CLANG_WARN_OBJC_ROOT_CLASS = YES_ERROR;
				CLANG_WARN_QUOTED_INCLUDE_IN_FRAMEWORK_HEADER = YES;
				CLANG_WARN_RANGE_LOOP_ANALYSIS = YES;
				CLANG_WARN_STRICT_PROTOTYPES = YES;
				CLANG_WARN_SUSPICIOUS_MOVE = YES;
				CLANG_WARN_UNGUARDED_AVAILABILITY = YES_AGGRESSIVE;
				CLANG_WARN_UNREACHABLE_CODE = YES;
				CLANG_WARN__DUPLICATE_METHOD_MATCH = YES;
				COPY_PHASE_STRIP = NO;
				DEBUG_INFORMATION_FORMAT = "dwarf-with-dsym";
				ENABLE_NS_ASSERTIONS = NO;
				ENABLE_STRICT_OBJC_MSGSEND = YES;
				GCC_C_LANGUAGE_STANDARD = gnu11;
				GCC_NO_COMMON_BLOCKS = YES;
				GCC_WARN_64_TO_32_BIT_CONVERSION = YES;
				GCC_WARN_ABOUT_RETURN_TYPE = YES_ERROR;
				GCC_WARN_UNDECLARED_SELECTOR = YES;
				GCC_WARN_UNINITIALIZED_AUTOS = YES_AGGRESSIVE;
				GCC_WARN_UNUSED_FUNCTION = YES;
				GCC_WARN_UNUSED_VARIABLE = YES;
				MACOSX_DEPLOYMENT_TARGET = 12.3;
				MTL_ENABLE_DEBUG_INFO = NO;
				MTL_FAST_MATH = YES;
				SDKROOT = macosx;
			};
			name = Release;
		};
		BFB2A4D428FBA33C008170CC /* Debug */ = {
			isa = XCBuildConfiguration;
			buildSettings = {
				ASSETCATALOG_COMPILER_APPICON_NAME = AppIcon;
				ASSETCATALOG_COMPILER_GLOBAL_ACCENT_COLOR_NAME = AccentColor;
				CODE_SIGN_ENTITLEMENTS = "Dock Profiles/Dock_Profiles.entitlements";
				CODE_SIGN_STYLE = Automatic;
				COMBINE_HIDPI_IMAGES = YES;
				CURRENT_PROJECT_VERSION = 1;
				DEVELOPMENT_TEAM = L33QBJT48B;
				ENABLE_HARDENED_RUNTIME = YES;
				GENERATE_INFOPLIST_FILE = YES;
				INFOPLIST_KEY_LSApplicationCategoryType = "public.app-category.productivity";
				INFOPLIST_KEY_NSHumanReadableCopyright = "";
				INFOPLIST_KEY_NSMainNibFile = MainMenu;
				INFOPLIST_KEY_NSPrincipalClass = NSApplication;
				LD_RUNPATH_SEARCH_PATHS = (
					"$(inherited)",
					"@executable_path/../Frameworks",
				);
				MARKETING_VERSION = 1.0;
				PRODUCT_BUNDLE_IDENTIFIER = "com.steventheworker.Dock-Profiles";
				PRODUCT_NAME = "$(TARGET_NAME)";
				SWIFT_EMIT_LOC_STRINGS = YES;
			};
			name = Debug;
		};
		BFB2A4D528FBA33C008170CC /* Release */ = {
			isa = XCBuildConfiguration;
			buildSettings = {
				ASSETCATALOG_COMPILER_APPICON_NAME = AppIcon;
				ASSETCATALOG_COMPILER_GLOBAL_ACCENT_COLOR_NAME = AccentColor;
				CODE_SIGN_ENTITLEMENTS = "Dock Profiles/Dock_Profiles.entitlements";
				CODE_SIGN_STYLE = Automatic;
				COMBINE_HIDPI_IMAGES = YES;
				CURRENT_PROJECT_VERSION = 1;
				DEVELOPMENT_TEAM = L33QBJT48B;
				ENABLE_HARDENED_RUNTIME = YES;
				GENERATE_INFOPLIST_FILE = YES;
				INFOPLIST_KEY_LSApplicationCategoryType = "public.app-category.productivity";
				INFOPLIST_KEY_NSHumanReadableCopyright = "";
				INFOPLIST_KEY_NSMainNibFile = MainMenu;
				INFOPLIST_KEY_NSPrincipalClass = NSApplication;
				LD_RUNPATH_SEARCH_PATHS = (
					"$(inherited)",
					"@executable_path/../Frameworks",
				);
				MARKETING_VERSION = 1.0;
				PRODUCT_BUNDLE_IDENTIFIER = "com.steventheworker.Dock-Profiles";
				PRODUCT_NAME = "$(TARGET_NAME)";
				SWIFT_EMIT_LOC_STRINGS = YES;
			};
			name = Release;
		};
/* End XCBuildConfiguration section */

/* Begin XCConfigurationList section */
		BFB2A4BE28FBA33B008170CC /* Build configuration list for PBXProject "Dock Profiles" */ = {
			isa = XCConfigurationList;
			buildConfigurations = (
				BFB2A4D128FBA33C008170CC /* Debug */,
				BFB2A4D228FBA33C008170CC /* Release */,
			);
			defaultConfigurationIsVisible = 0;
			defaultConfigurationName = Release;
		};
		BFB2A4D328FBA33C008170CC /* Build configuration list for PBXNativeTarget "Dock Profiles" */ = {
			isa = XCConfigurationList;
			buildConfigurations = (
				BFB2A4D428FBA33C008170CC /* Debug */,
				BFB2A4D528FBA33C008170CC /* Release */,
			);
			defaultConfigurationIsVisible = 0;
			defaultConfigurationName = Release;
		};
/* End XCConfigurationList section */
	};
	rootObject = BFB2A4BB28FBA33B008170CC /* Project object */;
}
